{
  "meteor": {},
  "dependencies": {
    "basePackages": {
      "router": {},
      "bootstrap-3": {},
      "mousetrap": {},
      "accounts-soundcloud": {}
    },
    "packages": {
      "router": {
        "git": "https://github.com/tmeasday/meteor-router.git",
        "tag": "v0.6.1",
        "commit": "8ec75fec7affdefc787d19f23b36fd6d1d44ef04"
      },
      "bootstrap-3": {
        "git": "https://github.com/mangasocial/meteor-bootstrap-3.git",
        "tag": "v3.1.1-1",
        "commit": "63dd38968828bb8963636df93e9a1c45e2dfe67e"
      },
      "mousetrap": {
        "git": "https://github.com/awatson1978/mousetrap.git",
        "tag": "v1.5.2",
        "commit": "77fef1e9dd64fc99cf0fc128dcb10d038c0fe860"
      },
      "accounts-soundcloud": {
        "git": "https://github.com/sylvaingi/meteor-accounts-soundcloud.git",
        "tag": "v0.1.2",
        "commit": "962879b116bdb107752fc1381d0e840f802e00ca"
      },
      "page-js-ie-support": {
        "git": "https://github.com/tmeasday/meteor-page-js-ie-support.git",
        "tag": "v1.3.5",
        "commit": "b99ed8380aefd10b2afc8f18d9eed4dd0d8ea9cb"
      },
      "HTML5-History-API": {
        "git": "https://github.com/tmeasday/meteor-HTML5-History-API.git",
        "tag": "v4.0.0",
        "commit": "dc4965f1424cfca625ec3fbea17eace03f8e32c5"
      },
      "soundcloud": {
        "git": "https://github.com/sylvaingi/meteor-soundcloud.git",
        "tag": "v0.1.1",
        "commit": "7e152a1fa892d73d9ef41f070f6d112014283983"
      }
    }
  }
}
